
Microsoft Visual Studio Solution File, Format Version 12.00
# Visual Studio Version 17
VisualStudioVersion = 17.0.32014.148
MinimumVisualStudioVersion = 10.0.40219.1
Project("{2150E333-8FDC-42A3-9474-1A3956D46DE8}") = "src", "src", "{BFC4E08A-4E83-4FE3-BB92-7EDCFF2CE224}"
EndProject
Project("{2150E333-8FDC-42A3-9474-1A3956D46DE8}") = "Core", "Core", "{3831E4E6-2F89-460E-A751-17941FF2B8D4}"
EndProject
Project("{2150E333-8FDC-42A3-9474-1A3956D46DE8}") = "Infrastructure", "Infrastructure", "{BEBF55EE-8530-4AFB-AC21-8B08FF9423F5}"
EndProject
Project("{2150E333-8FDC-42A3-9474-1A3956D46DE8}") = "Services", "Services", "{A16C6C2B-8472-4E36-83F9-047F9C3BE666}"
EndProject
Project("{9A19103F-16F7-4668-BE54-9A1E7A4F7556}") = "Application", "Application\Application.csproj", "{1AB3495F-B765-4256-AD72-EAF4522A3867}"
EndProject
Project("{9A19103F-16F7-4668-BE54-9A1E7A4F7556}") = "Common", "Common\Common.csproj", "{8B2E6EAC-6E7C-43B2-A243-E345167960EA}"
EndProject
Project("{9A19103F-16F7-4668-BE54-9A1E7A4F7556}") = "Domain", "Domain\Domain.csproj", "{84BF3423-34A0-4ADA-AA9F-F97BD7F5E046}"
EndProject
Project("{9A19103F-16F7-4668-BE54-9A1E7A4F7556}") = "Infrastructure", "Infrastructure\Infrastructure.csproj", "{F4EA1B02-F469-4D53-BE19-EE3D31D10CE6}"
EndProject
Project("{9A19103F-16F7-4668-BE54-9A1E7A4F7556}") = "Persistance", "Persistance\Persistance.csproj", "{3902FF3C-A778-4891-B176-2E203106A4D4}"
EndProject
Project("{9A19103F-16F7-4668-BE54-9A1E7A4F7556}") = "Poseidon.Api", "Poseidon.Api\Poseidon.Api.csproj", "{469B2990-7C9D-468D-9466-9B481B07133D}"
EndProject
Project("{2150E333-8FDC-42A3-9474-1A3956D46DE8}") = "Presentation", "Presentation", "{F96BF98F-25C6-4A67-9244-C88994338B01}"
EndProject
Project("{2150E333-8FDC-42A3-9474-1A3956D46DE8}") = "Solution Items", "Solution Items", "{945020C4-9A5C-44BC-97B7-8C0A4C7C57CA}"
	ProjectSection(SolutionItems) = preProject
		.editorconfig = .editorconfig
	EndProjectSection
EndProject
Project("{9A19103F-16F7-4668-BE54-9A1E7A4F7556}") = "Poseidon.Auth", "Poseidon.Auth\Poseidon.Auth.csproj", "{BEBC8E7B-7790-4E54-89AF-05B9EC433087}"
EndProject
Project("{E53339B2-1760-4266-BCC7-CA923CBCF16C}") = "docker-compose", "docker-compose.dcproj", "{EE40152D-5BC7-437D-9F01-F21D57A60C2D}"
EndProject
Project("{9A19103F-16F7-4668-BE54-9A1E7A4F7556}") = "Poseidon.WinUI", "Presentation\Poseidon.WinUI\Poseidon.WinUI.csproj", "{9386B0E6-59C5-4F41-8E24-82D21C9F9707}"
EndProject
Project("{2150E333-8FDC-42A3-9474-1A3956D46DE8}") = "tests", "tests", "{BF32F3DA-BB77-4149-9CFE-D5C4DD24216D}"
EndProject
Project("{FAE04EC0-301F-11D3-BF4B-00C04F79EFBC}") = "Poseidon.Test.Gen", "..\Poseidon.Test.Gen\Poseidon.Test.Gen.csproj", "{0F82E75A-3617-4A28-9708-5389F1B23788}"
EndProject
Project("{FAE04EC0-301F-11D3-BF4B-00C04F79EFBC}") = "poseidon.AppHost", "poseidon.AppHost\poseidon.AppHost.csproj", "{D39946C6-E267-4989-A077-32ABB728ABB2}"
EndProject
Project("{FAE04EC0-301F-11D3-BF4B-00C04F79EFBC}") = "poseidon.ServiceDefaults", "poseidon.ServiceDefaults\poseidon.ServiceDefaults.csproj", "{2196AE1F-D0A9-4758-80A0-DB3CB504F585}"
EndProject
Global
	GlobalSection(SolutionConfigurationPlatforms) = preSolution
		Debug|Any CPU = Debug|Any CPU
		Debug|x86 = Debug|x86
		Release|Any CPU = Release|Any CPU
		Release|x86 = Release|x86
	EndGlobalSection
	GlobalSection(ProjectConfigurationPlatforms) = postSolution
		{1AB3495F-B765-4256-AD72-EAF4522A3867}.Debug|Any CPU.ActiveCfg = Debug|Any CPU
		{1AB3495F-B765-4256-AD72-EAF4522A3867}.Debug|Any CPU.Build.0 = Debug|Any CPU
		{1AB3495F-B765-4256-AD72-EAF4522A3867}.Debug|x86.ActiveCfg = Debug|Any CPU
		{1AB3495F-B765-4256-AD72-EAF4522A3867}.Debug|x86.Build.0 = Debug|Any CPU
		{1AB3495F-B765-4256-AD72-EAF4522A3867}.Release|Any CPU.ActiveCfg = Release|Any CPU
		{1AB3495F-B765-4256-AD72-EAF4522A3867}.Release|Any CPU.Build.0 = Release|Any CPU
		{1AB3495F-B765-4256-AD72-EAF4522A3867}.Release|x86.ActiveCfg = Release|Any CPU
		{1AB3495F-B765-4256-AD72-EAF4522A3867}.Release|x86.Build.0 = Release|Any CPU
		{8B2E6EAC-6E7C-43B2-A243-E345167960EA}.Debug|Any CPU.ActiveCfg = Debug|Any CPU
		{8B2E6EAC-6E7C-43B2-A243-E345167960EA}.Debug|Any CPU.Build.0 = Debug|Any CPU
		{8B2E6EAC-6E7C-43B2-A243-E345167960EA}.Debug|x86.ActiveCfg = Debug|Any CPU
		{8B2E6EAC-6E7C-43B2-A243-E345167960EA}.Debug|x86.Build.0 = Debug|Any CPU
		{8B2E6EAC-6E7C-43B2-A243-E345167960EA}.Release|Any CPU.ActiveCfg = Release|Any CPU
		{8B2E6EAC-6E7C-43B2-A243-E345167960EA}.Release|Any CPU.Build.0 = Release|Any CPU
		{8B2E6EAC-6E7C-43B2-A243-E345167960EA}.Release|x86.ActiveCfg = Release|Any CPU
		{8B2E6EAC-6E7C-43B2-A243-E345167960EA}.Release|x86.Build.0 = Release|Any CPU
		{84BF3423-34A0-4ADA-AA9F-F97BD7F5E046}.Debug|Any CPU.ActiveCfg = Debug|Any CPU
		{84BF3423-34A0-4ADA-AA9F-F97BD7F5E046}.Debug|Any CPU.Build.0 = Debug|Any CPU
		{84BF3423-34A0-4ADA-AA9F-F97BD7F5E046}.Debug|x86.ActiveCfg = Debug|Any CPU
		{84BF3423-34A0-4ADA-AA9F-F97BD7F5E046}.Debug|x86.Build.0 = Debug|Any CPU
		{84BF3423-34A0-4ADA-AA9F-F97BD7F5E046}.Release|Any CPU.ActiveCfg = Release|Any CPU
		{84BF3423-34A0-4ADA-AA9F-F97BD7F5E046}.Release|Any CPU.Build.0 = Release|Any CPU
		{84BF3423-34A0-4ADA-AA9F-F97BD7F5E046}.Release|x86.ActiveCfg = Release|Any CPU
		{84BF3423-34A0-4ADA-AA9F-F97BD7F5E046}.Release|x86.Build.0 = Release|Any CPU
		{F4EA1B02-F469-4D53-BE19-EE3D31D10CE6}.Debug|Any CPU.ActiveCfg = Debug|Any CPU
		{F4EA1B02-F469-4D53-BE19-EE3D31D10CE6}.Debug|Any CPU.Build.0 = Debug|Any CPU
		{F4EA1B02-F469-4D53-BE19-EE3D31D10CE6}.Debug|x86.ActiveCfg = Debug|Any CPU
		{F4EA1B02-F469-4D53-BE19-EE3D31D10CE6}.Debug|x86.Build.0 = Debug|Any CPU
		{F4EA1B02-F469-4D53-BE19-EE3D31D10CE6}.Release|Any CPU.ActiveCfg = Release|Any CPU
		{F4EA1B02-F469-4D53-BE19-EE3D31D10CE6}.Release|Any CPU.Build.0 = Release|Any CPU
		{F4EA1B02-F469-4D53-BE19-EE3D31D10CE6}.Release|x86.ActiveCfg = Release|Any CPU
		{F4EA1B02-F469-4D53-BE19-EE3D31D10CE6}.Release|x86.Build.0 = Release|Any CPU
		{3902FF3C-A778-4891-B176-2E203106A4D4}.Debug|Any CPU.ActiveCfg = Debug|Any CPU
		{3902FF3C-A778-4891-B176-2E203106A4D4}.Debug|Any CPU.Build.0 = Debug|Any CPU
		{3902FF3C-A778-4891-B176-2E203106A4D4}.Debug|x86.ActiveCfg = Debug|Any CPU
		{3902FF3C-A778-4891-B176-2E203106A4D4}.Debug|x86.Build.0 = Debug|Any CPU
		{3902FF3C-A778-4891-B176-2E203106A4D4}.Release|Any CPU.ActiveCfg = Release|Any CPU
		{3902FF3C-A778-4891-B176-2E203106A4D4}.Release|Any CPU.Build.0 = Release|Any CPU
		{3902FF3C-A778-4891-B176-2E203106A4D4}.Release|x86.ActiveCfg = Release|Any CPU
		{3902FF3C-A778-4891-B176-2E203106A4D4}.Release|x86.Build.0 = Release|Any CPU
		{469B2990-7C9D-468D-9466-9B481B07133D}.Debug|Any CPU.ActiveCfg = Debug|Any CPU
		{469B2990-7C9D-468D-9466-9B481B07133D}.Debug|Any CPU.Build.0 = Debug|Any CPU
		{469B2990-7C9D-468D-9466-9B481B07133D}.Debug|x86.ActiveCfg = Debug|Any CPU
		{469B2990-7C9D-468D-9466-9B481B07133D}.Debug|x86.Build.0 = Debug|Any CPU
		{469B2990-7C9D-468D-9466-9B481B07133D}.Release|Any CPU.ActiveCfg = Release|Any CPU
		{469B2990-7C9D-468D-9466-9B481B07133D}.Release|Any CPU.Build.0 = Release|Any CPU
		{469B2990-7C9D-468D-9466-9B481B07133D}.Release|x86.ActiveCfg = Release|Any CPU
		{469B2990-7C9D-468D-9466-9B481B07133D}.Release|x86.Build.0 = Release|Any CPU
		{BEBC8E7B-7790-4E54-89AF-05B9EC433087}.Debug|Any CPU.ActiveCfg = Debug|Any CPU
		{BEBC8E7B-7790-4E54-89AF-05B9EC433087}.Debug|Any CPU.Build.0 = Debug|Any CPU
		{BEBC8E7B-7790-4E54-89AF-05B9EC433087}.Debug|x86.ActiveCfg = Debug|Any CPU
		{BEBC8E7B-7790-4E54-89AF-05B9EC433087}.Debug|x86.Build.0 = Debug|Any CPU
		{BEBC8E7B-7790-4E54-89AF-05B9EC433087}.Release|Any CPU.ActiveCfg = Release|Any CPU
		{BEBC8E7B-7790-4E54-89AF-05B9EC433087}.Release|Any CPU.Build.0 = Release|Any CPU
		{BEBC8E7B-7790-4E54-89AF-05B9EC433087}.Release|x86.ActiveCfg = Release|Any CPU
		{BEBC8E7B-7790-4E54-89AF-05B9EC433087}.Release|x86.Build.0 = Release|Any CPU
		{EE40152D-5BC7-437D-9F01-F21D57A60C2D}.Debug|Any CPU.ActiveCfg = Debug|Any CPU
		{EE40152D-5BC7-437D-9F01-F21D57A60C2D}.Debug|Any CPU.Build.0 = Debug|Any CPU
		{EE40152D-5BC7-437D-9F01-F21D57A60C2D}.Debug|x86.ActiveCfg = Debug|Any CPU
		{EE40152D-5BC7-437D-9F01-F21D57A60C2D}.Debug|x86.Build.0 = Debug|Any CPU
		{EE40152D-5BC7-437D-9F01-F21D57A60C2D}.Release|Any CPU.ActiveCfg = Release|Any CPU
		{EE40152D-5BC7-437D-9F01-F21D57A60C2D}.Release|Any CPU.Build.0 = Release|Any CPU
		{EE40152D-5BC7-437D-9F01-F21D57A60C2D}.Release|x86.ActiveCfg = Release|Any CPU
		{EE40152D-5BC7-437D-9F01-F21D57A60C2D}.Release|x86.Build.0 = Release|Any CPU
		{9386B0E6-59C5-4F41-8E24-82D21C9F9707}.Debug|Any CPU.ActiveCfg = Debug|Any CPU
		{9386B0E6-59C5-4F41-8E24-82D21C9F9707}.Debug|Any CPU.Build.0 = Debug|Any CPU
		{9386B0E6-59C5-4F41-8E24-82D21C9F9707}.Debug|x86.ActiveCfg = Debug|x86
		{9386B0E6-59C5-4F41-8E24-82D21C9F9707}.Debug|x86.Build.0 = Debug|x86
		{9386B0E6-59C5-4F41-8E24-82D21C9F9707}.Release|Any CPU.ActiveCfg = Release|Any CPU
		{9386B0E6-59C5-4F41-8E24-82D21C9F9707}.Release|Any CPU.Build.0 = Release|Any CPU
		{9386B0E6-59C5-4F41-8E24-82D21C9F9707}.Release|x86.ActiveCfg = Release|x86
		{9386B0E6-59C5-4F41-8E24-82D21C9F9707}.Release|x86.Build.0 = Release|x86
		{0F82E75A-3617-4A28-9708-5389F1B23788}.Debug|Any CPU.ActiveCfg = Debug|Any CPU
		{0F82E75A-3617-4A28-9708-5389F1B23788}.Debug|Any CPU.Build.0 = Debug|Any CPU
		{0F82E75A-3617-4A28-9708-5389F1B23788}.Debug|x86.ActiveCfg = Debug|Any CPU
		{0F82E75A-3617-4A28-9708-5389F1B23788}.Debug|x86.Build.0 = Debug|Any CPU
		{0F82E75A-3617-4A28-9708-5389F1B23788}.Release|Any CPU.ActiveCfg = Release|Any CPU
		{0F82E75A-3617-4A28-9708-5389F1B23788}.Release|Any CPU.Build.0 = Release|Any CPU
		{0F82E75A-3617-4A28-9708-5389F1B23788}.Release|x86.ActiveCfg = Release|Any CPU
		{0F82E75A-3617-4A28-9708-5389F1B23788}.Release|x86.Build.0 = Release|Any CPU
		{D39946C6-E267-4989-A077-32ABB728ABB2}.Debug|Any CPU.ActiveCfg = Debug|Any CPU
		{D39946C6-E267-4989-A077-32ABB728ABB2}.Debug|Any CPU.Build.0 = Debug|Any CPU
		{D39946C6-E267-4989-A077-32ABB728ABB2}.Debug|x86.ActiveCfg = Debug|Any CPU
		{D39946C6-E267-4989-A077-32ABB728ABB2}.Debug|x86.Build.0 = Debug|Any CPU
		{D39946C6-E267-4989-A077-32ABB728ABB2}.Release|Any CPU.ActiveCfg = Release|Any CPU
		{D39946C6-E267-4989-A077-32ABB728ABB2}.Release|Any CPU.Build.0 = Release|Any CPU
		{D39946C6-E267-4989-A077-32ABB728ABB2}.Release|x86.ActiveCfg = Release|Any CPU
		{D39946C6-E267-4989-A077-32ABB728ABB2}.Release|x86.Build.0 = Release|Any CPU
		{2196AE1F-D0A9-4758-80A0-DB3CB504F585}.Debug|Any CPU.ActiveCfg = Debug|Any CPU
		{2196AE1F-D0A9-4758-80A0-DB3CB504F585}.Debug|Any CPU.Build.0 = Debug|Any CPU
		{2196AE1F-D0A9-4758-80A0-DB3CB504F585}.Debug|x86.ActiveCfg = Debug|Any CPU
		{2196AE1F-D0A9-4758-80A0-DB3CB504F585}.Debug|x86.Build.0 = Debug|Any CPU
		{2196AE1F-D0A9-4758-80A0-DB3CB504F585}.Release|Any CPU.ActiveCfg = Release|Any CPU
		{2196AE1F-D0A9-4758-80A0-DB3CB504F585}.Release|Any CPU.Build.0 = Release|Any CPU
		{2196AE1F-D0A9-4758-80A0-DB3CB504F585}.Release|x86.ActiveCfg = Release|Any CPU
		{2196AE1F-D0A9-4758-80A0-DB3CB504F585}.Release|x86.Build.0 = Release|Any CPU
	EndGlobalSection
	GlobalSection(SolutionProperties) = preSolution
		HideSolutionNode = FALSE
	EndGlobalSection
	GlobalSection(NestedProjects) = preSolution
		{3831E4E6-2F89-460E-A751-17941FF2B8D4} = {BFC4E08A-4E83-4FE3-BB92-7EDCFF2CE224}
		{BEBF55EE-8530-4AFB-AC21-8B08FF9423F5} = {BFC4E08A-4E83-4FE3-BB92-7EDCFF2CE224}
		{A16C6C2B-8472-4E36-83F9-047F9C3BE666} = {BFC4E08A-4E83-4FE3-BB92-7EDCFF2CE224}
		{1AB3495F-B765-4256-AD72-EAF4522A3867} = {3831E4E6-2F89-460E-A751-17941FF2B8D4}
		{8B2E6EAC-6E7C-43B2-A243-E345167960EA} = {3831E4E6-2F89-460E-A751-17941FF2B8D4}
		{84BF3423-34A0-4ADA-AA9F-F97BD7F5E046} = {3831E4E6-2F89-460E-A751-17941FF2B8D4}
		{F4EA1B02-F469-4D53-BE19-EE3D31D10CE6} = {BEBF55EE-8530-4AFB-AC21-8B08FF9423F5}
		{3902FF3C-A778-4891-B176-2E203106A4D4} = {BEBF55EE-8530-4AFB-AC21-8B08FF9423F5}
		{469B2990-7C9D-468D-9466-9B481B07133D} = {A16C6C2B-8472-4E36-83F9-047F9C3BE666}
		{F96BF98F-25C6-4A67-9244-C88994338B01} = {BFC4E08A-4E83-4FE3-BB92-7EDCFF2CE224}
		{BEBC8E7B-7790-4E54-89AF-05B9EC433087} = {A16C6C2B-8472-4E36-83F9-047F9C3BE666}
		{EE40152D-5BC7-437D-9F01-F21D57A60C2D} = {945020C4-9A5C-44BC-97B7-8C0A4C7C57CA}
		{9386B0E6-59C5-4F41-8E24-82D21C9F9707} = {F96BF98F-25C6-4A67-9244-C88994338B01}
		{0F82E75A-3617-4A28-9708-5389F1B23788} = {BF32F3DA-BB77-4149-9CFE-D5C4DD24216D}
	EndGlobalSection
	GlobalSection(ExtensibilityGlobals) = postSolution
		SolutionGuid = {7406F94B-F070-4BBC-9380-187802180B81}
	EndGlobalSection
EndGlobal
